
Microsoft Visual Studio Solution File, Format Version 12.00
# Visual Studio Version 16
VisualStudioVersion = 16.0.31911.196
MinimumVisualStudioVersion = 10.0.40219.1
Project("{FAE04EC0-301F-11D3-BF4B-00C04F79EFBC}") = "SwapOfTwo", "SwapOfTwo\SwapOfTwo.csproj", "{07158480-BC32-40FE-9F56-81D93B887548}"
EndProject
Global
	GlobalSection(SolutionConfigurationPlatforms) = preSolution
		Debug|Any CPU = Debug|Any CPU
		Release|Any CPU = Release|Any CPU
	EndGlobalSection
	GlobalSection(ProjectConfigurationPlatforms) = postSolution
		{07158480-BC32-40FE-9F56-81D93B887548}.Debug|Any CPU.ActiveCfg = Debug|Any CPU
		{07158480-BC32-40FE-9F56-81D93B887548}.Debug|Any CPU.Build.0 = Debug|Any CPU
		{07158480-BC32-40FE-9F56-81D93B887548}.Release|Any CPU.ActiveCfg = Release|Any CPU
		{07158480-BC32-40FE-9F56-81D93B887548}.Release|Any CPU.Build.0 = Release|Any CPU
	EndGlobalSection
	GlobalSection(SolutionProperties) = preSolution
		HideSolutionNode = FALSE
	EndGlobalSection
	GlobalSection(ExtensibilityGlobals) = postSolution
		SolutionGuid = {D3838FCD-A8BB-459C-9FDB-DAD39F24DA1E}
	EndGlobalSection
EndGlobal
