
Microsoft Visual Studio Solution File, Format Version 12.00
# Visual Studio Version 16
VisualStudioVersion = 16.0.31911.196
MinimumVisualStudioVersion = 10.0.40219.1
Project("{FAE04EC0-301F-11D3-BF4B-00C04F79EFBC}") = "Practise_Exercise", "Practise_Exercise\Practise_Exercise.csproj", "{182BB877-5E93-4D7E-9113-78AA5CAC3352}"
EndProject
Global
	GlobalSection(SolutionConfigurationPlatforms) = preSolution
		Debug|Any CPU = Debug|Any CPU
		Release|Any CPU = Release|Any CPU
	EndGlobalSection
	GlobalSection(ProjectConfigurationPlatforms) = postSolution
		{182BB877-5E93-4D7E-9113-78AA5CAC3352}.Debug|Any CPU.ActiveCfg = Debug|Any CPU
		{182BB877-5E93-4D7E-9113-78AA5CAC3352}.Debug|Any CPU.Build.0 = Debug|Any CPU
		{182BB877-5E93-4D7E-9113-78AA5CAC3352}.Release|Any CPU.ActiveCfg = Release|Any CPU
		{182BB877-5E93-4D7E-9113-78AA5CAC3352}.Release|Any CPU.Build.0 = Release|Any CPU
	EndGlobalSection
	GlobalSection(SolutionProperties) = preSolution
		HideSolutionNode = FALSE
	EndGlobalSection
	GlobalSection(ExtensibilityGlobals) = postSolution
		SolutionGuid = {E940861B-EA0A-47C3-816D-F7EA914E781E}
	EndGlobalSection
EndGlobal
